# THIS IS AN AUTOGENERATED FILE. DO NOT EDIT THIS FILE DIRECTLY.
# yarn lockfile v1


lottie-web@^5.6.10:
  version "5.6.10"
  resolved "https://registry.yarnpkg.com/lottie-web/-/lottie-web-5.6.10.tgz#9c2959df12976f49637f563dcc96db2078010b4d"
  integrity sha512-ucTzaiBJOMm56/K7Wqjajyh7qXlonHKB3+b5fHvhSiz+jOrXt6QDNKAinI3qdw/zvvYHKzXvFMy5SgOXbOJ5ng==
